// !$*UTF8*$!
{
	archiveVersion = 1;
	classes = {
	};
	objectVersion = 46;
	objects = {

/* Begin PBXBuildFile section */
		1D72A4991C1D20F400A221AA /* SimpleViewController.m in Sources */ = {isa = PBXBuildFile; fileRef = 1D72A4981C1D20F400A221AA /* SimpleViewController.m */; };
		1D72A49F1C1DABB900A221AA /* ZXPStackViewController.m in Sources */ = {isa = PBXBuildFile; fileRef = 1D72A49E1C1DABB900A221AA /* ZXPStackViewController.m */; };
		1D72A4A81C1DB4B700A221AA /* TableViewController.m in Sources */ = {isa = PBXBuildFile; fileRef = 1D72A4A71C1DB4B700A221AA /* TableViewController.m */; };
		1D72A4AC1C1DB72800A221AA /* TestTableViewCell.m in Sources */ = {isa = PBXBuildFile; fileRef = 1D72A4AA1C1DB72800A221AA /* TestTableViewCell.m */; };
		1D72A4AD1C1DB72800A221AA /* TestTableViewCell.xib in Resources */ = {isa = PBXBuildFile; fileRef = 1D72A4AB1C1DB72800A221AA /* TestTableViewCell.xib */; };
		1D72A4AF1C1DB93B00A221AA /* TableViewController.xib in Resources */ = {isa = PBXBuildFile; fileRef = 1D72A4AE1C1DB93B00A221AA /* TableViewController.xib */; };
		1DD75F871BFB622800B4BEA9 /* ZXPAutoLayout.m in Sources */ = {isa = PBXBuildFile; fileRef = 1DD75F861BFB622800B4BEA9 /* ZXPAutoLayout.m */; };
		1DFBBF321BF7096E00459D22 /* main.m in Sources */ = {isa = PBXBuildFile; fileRef = 1DFBBF311BF7096E00459D22 /* main.m */; };
		1DFBBF351BF7096E00459D22 /* AppDelegate.m in Sources */ = {isa = PBXBuildFile; fileRef = 1DFBBF341BF7096E00459D22 /* AppDelegate.m */; };
		1DFBBF381BF7096E00459D22 /* ViewController.m in Sources */ = {isa = PBXBuildFile; fileRef = 1DFBBF371BF7096E00459D22 /* ViewController.m */; };
		1DFBBF3B1BF7096E00459D22 /* Main.storyboard in Resources */ = {isa = PBXBuildFile; fileRef = 1DFBBF391BF7096E00459D22 /* Main.storyboard */; };
		1DFBBF3D1BF7096E00459D22 /* Assets.xcassets in Resources */ = {isa = PBXBuildFile; fileRef = 1DFBBF3C1BF7096E00459D22 /* Assets.xcassets */; };
		1DFBBF401BF7096E00459D22 /* LaunchScreen.storyboard in Resources */ = {isa = PBXBuildFile; fileRef = 1DFBBF3E1BF7096E00459D22 /* LaunchScreen.storyboard */; };
		1DFBBF4B1BF7096E00459D22 /* ZXPAutoLayoutDemoTests.m in Sources */ = {isa = PBXBuildFile; fileRef = 1DFBBF4A1BF7096E00459D22 /* ZXPAutoLayoutDemoTests.m */; };
		1DFBBF561BF7096E00459D22 /* ZXPAutoLayoutDemoUITests.m in Sources */ = {isa = PBXBuildFile; fileRef = 1DFBBF551BF7096E00459D22 /* ZXPAutoLayoutDemoUITests.m */; };
/* End PBXBuildFile section */

/* Begin PBXContainerItemProxy section */
		1DFBBF471BF7096E00459D22 /* PBXContainerItemProxy */ = {
			isa = PBXContainerItemProxy;
			containerPortal = 1DFBBF251BF7096D00459D22 /* Project object */;
			proxyType = 1;
			remoteGlobalIDString = 1DFBBF2C1BF7096E00459D22;
			remoteInfo = ZXPAutoLayoutDemo;
		};
		1DFBBF521BF7096E00459D22 /* PBXContainerItemProxy */ = {
			isa = PBXContainerItemProxy;
			containerPortal = 1DFBBF251BF7096D00459D22 /* Project object */;
			proxyType = 1;
			remoteGlobalIDString = 1DFBBF2C1BF7096E00459D22;
			remoteInfo = ZXPAutoLayoutDemo;
		};
/* End PBXContainerItemProxy section */

/* Begin PBXFileReference section */
		1D72A4971C1D20F400A221AA /* SimpleViewController.h */ = {isa = PBXFileReference; fileEncoding = 4; lastKnownFileType = sourcecode.c.h; path = SimpleViewController.h; sourceTree = "<group>"; };
		1D72A4981C1D20F400A221AA /* SimpleViewController.m */ = {isa = PBXFileReference; fileEncoding = 4; lastKnownFileType = sourcecode.c.objc; path = SimpleViewController.m; sourceTree = "<group>"; };
		1D72A49D1C1DABB900A221AA /* ZXPStackViewController.h */ = {isa = PBXFileReference; fileEncoding = 4; lastKnownFileType = sourcecode.c.h; path = ZXPStackViewController.h; sourceTree = "<group>"; };
		1D72A49E1C1DABB900A221AA /* ZXPStackViewController.m */ = {isa = PBXFileReference; fileEncoding = 4; lastKnownFileType = sourcecode.c.objc; path = ZXPStackViewController.m; sourceTree = "<group>"; };
		1D72A4A61C1DB4B700A221AA /* TableViewController.h */ = {isa = PBXFileReference; fileEncoding = 4; lastKnownFileType = sourcecode.c.h; path = TableViewController.h; sourceTree = "<group>"; };
		1D72A4A71C1DB4B700A221AA /* TableViewController.m */ = {isa = PBXFileReference; fileEncoding = 4; lastKnownFileType = sourcecode.c.objc; path = TableViewController.m; sourceTree = "<group>"; };
		1D72A4A91C1DB72800A221AA /* TestTableViewCell.h */ = {isa = PBXFileReference; fileEncoding = 4; lastKnownFileType = sourcecode.c.h; path = TestTableViewCell.h; sourceTree = "<group>"; };
		1D72A4AA1C1DB72800A221AA /* TestTableViewCell.m */ = {isa = PBXFileReference; fileEncoding = 4; lastKnownFileType = sourcecode.c.objc; path = TestTableViewCell.m; sourceTree = "<group>"; };
		1D72A4AB1C1DB72800A221AA /* TestTableViewCell.xib */ = {isa = PBXFileReference; fileEncoding = 4; lastKnownFileType = file.xib; path = TestTableViewCell.xib; sourceTree = "<group>"; };
		1D72A4AE1C1DB93B00A221AA /* TableViewController.xib */ = {isa = PBXFileReference; fileEncoding = 4; lastKnownFileType = file.xib; path = TableViewController.xib; sourceTree = "<group>"; };
		1DD75F851BFB622800B4BEA9 /* ZXPAutoLayout.h */ = {isa = PBXFileReference; fileEncoding = 4; lastKnownFileType = sourcecode.c.h; path = ZXPAutoLayout.h; sourceTree = "<group>"; };
		1DD75F861BFB622800B4BEA9 /* ZXPAutoLayout.m */ = {isa = PBXFileReference; fileEncoding = 4; lastKnownFileType = sourcecode.c.objc; path = ZXPAutoLayout.m; sourceTree = "<group>"; };
		1DFBBF2D1BF7096E00459D22 /* ZXPAutoLayoutDemo.app */ = {isa = PBXFileReference; explicitFileType = wrapper.application; includeInIndex = 0; path = ZXPAutoLayoutDemo.app; sourceTree = BUILT_PRODUCTS_DIR; };
		1DFBBF311BF7096E00459D22 /* main.m */ = {isa = PBXFileReference; lastKnownFileType = sourcecode.c.objc; path = main.m; sourceTree = "<group>"; };
		1DFBBF331BF7096E00459D22 /* AppDelegate.h */ = {isa = PBXFileReference; lastKnownFileType = sourcecode.c.h; path = AppDelegate.h; sourceTree = "<group>"; };
		1DFBBF341BF7096E00459D22 /* AppDelegate.m */ = {isa = PBXFileReference; lastKnownFileType = sourcecode.c.objc; path = AppDelegate.m; sourceTree = "<group>"; };
		1DFBBF361BF7096E00459D22 /* ViewController.h */ = {isa = PBXFileReference; lastKnownFileType = sourcecode.c.h; path = ViewController.h; sourceTree = "<group>"; };
		1DFBBF371BF7096E00459D22 /* ViewController.m */ = {isa = PBXFileReference; lastKnownFileType = sourcecode.c.objc; path = ViewController.m; sourceTree = "<group>"; };
		1DFBBF3A1BF7096E00459D22 /* Base */ = {isa = PBXFileReference; lastKnownFileType = file.storyboard; name = Base; path = Base.lproj/Main.storyboard; sourceTree = "<group>"; };
		1DFBBF3C1BF7096E00459D22 /* Assets.xcassets */ = {isa = PBXFileReference; lastKnownFileType = folder.assetcatalog; path = Assets.xcassets; sourceTree = "<group>"; };
		1DFBBF3F1BF7096E00459D22 /* Base */ = {isa = PBXFileReference; lastKnownFileType = file.storyboard; name = Base; path = Base.lproj/LaunchScreen.storyboard; sourceTree = "<group>"; };
		1DFBBF411BF7096E00459D22 /* Info.plist */ = {isa = PBXFileReference; lastKnownFileType = text.plist.xml; path = Info.plist; sourceTree = "<group>"; };
		1DFBBF461BF7096E00459D22 /* ZXPAutoLayoutDemoTests.xctest */ = {isa = PBXFileReference; explicitFileType = wrapper.cfbundle; includeInIndex = 0; path = ZXPAutoLayoutDemoTests.xctest; sourceTree = BUILT_PRODUCTS_DIR; };
		1DFBBF4A1BF7096E00459D22 /* ZXPAutoLayoutDemoTests.m */ = {isa = PBXFileReference; lastKnownFileType = sourcecode.c.objc; path = ZXPAutoLayoutDemoTests.m; sourceTree = "<group>"; };
		1DFBBF4C1BF7096E00459D22 /* Info.plist */ = {isa = PBXFileReference; lastKnownFileType = text.plist.xml; path = Info.plist; sourceTree = "<group>"; };
		1DFBBF511BF7096E00459D22 /* ZXPAutoLayoutDemoUITests.xctest */ = {isa = PBXFileReference; explicitFileType = wrapper.cfbundle; includeInIndex = 0; path = ZXPAutoLayoutDemoUITests.xctest; sourceTree = BUILT_PRODUCTS_DIR; };
		1DFBBF551BF7096E00459D22 /* ZXPAutoLayoutDemoUITests.m */ = {isa = PBXFileReference; lastKnownFileType = sourcecode.c.objc; path = ZXPAutoLayoutDemoUITests.m; sourceTree = "<group>"; };
		1DFBBF571BF7096E00459D22 /* Info.plist */ = {isa = PBXFileReference; lastKnownFileType = text.plist.xml; path = Info.plist; sourceTree = "<group>"; };
/* End PBXFileReference section */

/* Begin PBXFrameworksBuildPhase section */
		1DFBBF2A1BF7096E00459D22 /* Frameworks */ = {
			isa = PBXFrameworksBuildPhase;
			buildActionMask = 2147483647;
			files = (
			);
			runOnlyForDeploymentPostprocessing = 0;
		};
		1DFBBF431BF7096E00459D22 /* Frameworks */ = {
			isa = PBXFrameworksBuildPhase;
			buildActionMask = 2147483647;
			files = (
			);
			runOnlyForDeploymentPostprocessing = 0;
		};
		1DFBBF4E1BF7096E00459D22 /* Frameworks */ = {
			isa = PBXFrameworksBuildPhase;
			buildActionMask = 2147483647;
			files = (
			);
			runOnlyForDeploymentPostprocessing = 0;
		};
/* End PBXFrameworksBuildPhase section */

/* Begin PBXGroup section */
		1D72A4A01C1DADEC00A221AA /* Cells */ = {
			isa = PBXGroup;
			children = (
				1D72A4A91C1DB72800A221AA /* TestTableViewCell.h */,
				1D72A4AA1C1DB72800A221AA /* TestTableViewCell.m */,
				1D72A4AB1C1DB72800A221AA /* TestTableViewCell.xib */,
			);
			name = Cells;
			sourceTree = "<group>";
		};
		1DD75F841BFB622800B4BEA9 /* ZXPAutoLayout */ = {
			isa = PBXGroup;
			children = (
				1DD75F851BFB622800B4BEA9 /* ZXPAutoLayout.h */,
				1DD75F861BFB622800B4BEA9 /* ZXPAutoLayout.m */,
			);
			name = ZXPAutoLayout;
			path = ../../ZXPAutoLayout;
			sourceTree = "<group>";
		};
		1DFBBF241BF7096D00459D22 = {
			isa = PBXGroup;
			children = (
				1DFBBF2F1BF7096E00459D22 /* ZXPAutoLayoutDemo */,
				1DFBBF491BF7096E00459D22 /* ZXPAutoLayoutDemoTests */,
				1DFBBF541BF7096E00459D22 /* ZXPAutoLayoutDemoUITests */,
				1DFBBF2E1BF7096E00459D22 /* Products */,
			);
			sourceTree = "<group>";
		};
		1DFBBF2E1BF7096E00459D22 /* Products */ = {
			isa = PBXGroup;
			children = (
				1DFBBF2D1BF7096E00459D22 /* ZXPAutoLayoutDemo.app */,
				1DFBBF461BF7096E00459D22 /* ZXPAutoLayoutDemoTests.xctest */,
				1DFBBF511BF7096E00459D22 /* ZXPAutoLayoutDemoUITests.xctest */,
			);
			name = Products;
			sourceTree = "<group>";
		};
		1DFBBF2F1BF7096E00459D22 /* ZXPAutoLayoutDemo */ = {
			isa = PBXGroup;
			children = (
				1DD75F841BFB622800B4BEA9 /* ZXPAutoLayout */,
				1DFBBF331BF7096E00459D22 /* AppDelegate.h */,
				1DFBBF341BF7096E00459D22 /* AppDelegate.m */,
				1DFBBF361BF7096E00459D22 /* ViewController.h */,
				1DFBBF371BF7096E00459D22 /* ViewController.m */,
				1DFBBF391BF7096E00459D22 /* Main.storyboard */,
				1D72A4971C1D20F400A221AA /* SimpleViewController.h */,
				1D72A4981C1D20F400A221AA /* SimpleViewController.m */,
				1D72A49D1C1DABB900A221AA /* ZXPStackViewController.h */,
				1D72A49E1C1DABB900A221AA /* ZXPStackViewController.m */,
				1D72A4A61C1DB4B700A221AA /* TableViewController.h */,
				1D72A4A71C1DB4B700A221AA /* TableViewController.m */,
				1D72A4AE1C1DB93B00A221AA /* TableViewController.xib */,
				1D72A4A01C1DADEC00A221AA /* Cells */,
				1DFBBF3C1BF7096E00459D22 /* Assets.xcassets */,
				1DFBBF3E1BF7096E00459D22 /* LaunchScreen.storyboard */,
				1DFBBF411BF7096E00459D22 /* Info.plist */,
				1DFBBF301BF7096E00459D22 /* Supporting Files */,
			);
			path = ZXPAutoLayoutDemo;
			sourceTree = "<group>";
		};
		1DFBBF301BF7096E00459D22 /* Supporting Files */ = {
			isa = PBXGroup;
			children = (
				1DFBBF311BF7096E00459D22 /* main.m */,
			);
			name = "Supporting Files";
			sourceTree = "<group>";
		};
		1DFBBF491BF7096E00459D22 /* ZXPAutoLayoutDemoTests */ = {
			isa = PBXGroup;
			children = (
				1DFBBF4A1BF7096E00459D22 /* ZXPAutoLayoutDemoTests.m */,
				1DFBBF4C1BF7096E00459D22 /* Info.plist */,
			);
			path = ZXPAutoLayoutDemoTests;
			sourceTree = "<group>";
		};
		1DFBBF541BF7096E00459D22 /* ZXPAutoLayoutDemoUITests */ = {
			isa = PBXGroup;
			children = (
				1DFBBF551BF7096E00459D22 /* ZXPAutoLayoutDemoUITests.m */,
				1DFBBF571BF7096E00459D22 /* Info.plist */,
			);
			path = ZXPAutoLayoutDemoUITests;
			sourceTree = "<group>";
		};
/* End PBXGroup section */

/* Begin PBXNativeTarget section */
		1DFBBF2C1BF7096E00459D22 /* ZXPAutoLayoutDemo */ = {
			isa = PBXNativeTarget;
			buildConfigurationList = 1DFBBF5A1BF7096E00459D22 /* Build configuration list for PBXNativeTarget "ZXPAutoLayoutDemo" */;
			buildPhases = (
				1DFBBF291BF7096E00459D22 /* Sources */,
				1DFBBF2A1BF7096E00459D22 /* Frameworks */,
				1DFBBF2B1BF7096E00459D22 /* Resources */,
			);
			buildRules = (
			);
			dependencies = (
			);
			name = ZXPAutoLayoutDemo;
			productName = ZXPAutoLayoutDemo;
			productReference = 1DFBBF2D1BF7096E00459D22 /* ZXPAutoLayoutDemo.app */;
			productType = "com.apple.product-type.application";
		};
		1DFBBF451BF7096E00459D22 /* ZXPAutoLayoutDemoTests */ = {
			isa = PBXNativeTarget;
			buildConfigurationList = 1DFBBF5D1BF7096E00459D22 /* Build configuration list for PBXNativeTarget "ZXPAutoLayoutDemoTests" */;
			buildPhases = (
				1DFBBF421BF7096E00459D22 /* Sources */,
				1DFBBF431BF7096E00459D22 /* Frameworks */,
				1DFBBF441BF7096E00459D22 /* Resources */,
			);
			buildRules = (
			);
			dependencies = (
				1DFBBF481BF7096E00459D22 /* PBXTargetDependency */,
			);
			name = ZXPAutoLayoutDemoTests;
			productName = ZXPAutoLayoutDemoTests;
			productReference = 1DFBBF461BF7096E00459D22 /* ZXPAutoLayoutDemoTests.xctest */;
			productType = "com.apple.product-type.bundle.unit-test";
		};
		1DFBBF501BF7096E00459D22 /* ZXPAutoLayoutDemoUITests */ = {
			isa = PBXNativeTarget;
			buildConfigurationList = 1DFBBF601BF7096E00459D22 /* Build configuration list for PBXNativeTarget "ZXPAutoLayoutDemoUITests" */;
			buildPhases = (
				1DFBBF4D1BF7096E00459D22 /* Sources */,
				1DFBBF4E1BF7096E00459D22 /* Frameworks */,
				1DFBBF4F1BF7096E00459D22 /* Resources */,
			);
			buildRules = (
			);
			dependencies = (
				1DFBBF531BF7096E00459D22 /* PBXTargetDependency */,
			);
			name = ZXPAutoLayoutDemoUITests;
			productName = ZXPAutoLayoutDemoUITests;
			productReference = 1DFBBF511BF7096E00459D22 /* ZXPAutoLayoutDemoUITests.xctest */;
			productType = "com.apple.product-type.bundle.ui-testing";
		};
/* End PBXNativeTarget section */

/* Begin PBXProject section */
		1DFBBF251BF7096D00459D22 /* Project object */ = {
			isa = PBXProject;
			attributes = {
				LastUpgradeCheck = 0710;
				ORGANIZATIONNAME = coffee;
				TargetAttributes = {
					1DFBBF2C1BF7096E00459D22 = {
						CreatedOnToolsVersion = 7.1.1;
					};
					1DFBBF451BF7096E00459D22 = {
						CreatedOnToolsVersion = 7.1.1;
						TestTargetID = 1DFBBF2C1BF7096E00459D22;
					};
					1DFBBF501BF7096E00459D22 = {
						CreatedOnToolsVersion = 7.1.1;
						TestTargetID = 1DFBBF2C1BF7096E00459D22;
					};
				};
			};
			buildConfigurationList = 1DFBBF281BF7096D00459D22 /* Build configuration list for PBXProject "ZXPAutoLayoutDemo" */;
			compatibilityVersion = "Xcode 3.2";
			developmentRegion = English;
			hasScannedForEncodings = 0;
			knownRegions = (
				en,
				Base,
			);
			mainGroup = 1DFBBF241BF7096D00459D22;
			productRefGroup = 1DFBBF2E1BF7096E00459D22 /* Products */;
			projectDirPath = "";
			projectRoot = "";
			targets = (
				1DFBBF2C1BF7096E00459D22 /* ZXPAutoLayoutDemo */,
				1DFBBF451BF7096E00459D22 /* ZXPAutoLayoutDemoTests */,
				1DFBBF501BF7096E00459D22 /* ZXPAutoLayoutDemoUITests */,
			);
		};
/* End PBXProject section */

/* Begin PBXResourcesBuildPhase section */
		1DFBBF2B1BF7096E00459D22 /* Resources */ = {
			isa = PBXResourcesBuildPhase;
			buildActionMask = 2147483647;
			files = (
				1DFBBF401BF7096E00459D22 /* LaunchScreen.storyboard in Resources */,
				1D72A4AD1C1DB72800A221AA /* TestTableViewCell.xib in Resources */,
				1DFBBF3D1BF7096E00459D22 /* Assets.xcassets in Resources */,
				1D72A4AF1C1DB93B00A221AA /* TableViewController.xib in Resources */,
				1DFBBF3B1BF7096E00459D22 /* Main.storyboard in Resources */,
			);
			runOnlyForDeploymentPostprocessing = 0;
		};
		1DFBBF441BF7096E00459D22 /* Resources */ = {
			isa = PBXResourcesBuildPhase;
			buildActionMask = 2147483647;
			files = (
			);
			runOnlyForDeploymentPostprocessing = 0;
		};
		1DFBBF4F1BF7096E00459D22 /* Resources */ = {
			isa = PBXResourcesBuildPhase;
			buildActionMask = 2147483647;
			files = (
			);
			runOnlyForDeploymentPostprocessing = 0;
		};
/* End PBXResourcesBuildPhase section */

/* Begin PBXSourcesBuildPhase section */
		1DFBBF291BF7096E00459D22 /* Sources */ = {
			isa = PBXSourcesBuildPhase;
			buildActionMask = 2147483647;
			files = (
				1D72A49F1C1DABB900A221AA /* ZXPStackViewController.m in Sources */,
				1D72A4AC1C1DB72800A221AA /* TestTableViewCell.m in Sources */,
				1D72A4991C1D20F400A221AA /* SimpleViewController.m in Sources */,
				1DFBBF381BF7096E00459D22 /* ViewController.m in Sources */,
				1DFBBF351BF7096E00459D22 /* AppDelegate.m in Sources */,
				1DFBBF321BF7096E00459D22 /* main.m in Sources */,
				1DD75F871BFB622800B4BEA9 /* ZXPAutoLayout.m in Sources */,
				1D72A4A81C1DB4B700A221AA /* TableViewController.m in Sources */,
			);
			runOnlyForDeploymentPostprocessing = 0;
		};
		1DFBBF421BF7096E00459D22 /* Sources */ = {
			isa = PBXSourcesBuildPhase;
			buildActionMask = 2147483647;
			files = (
				1DFBBF4B1BF7096E00459D22 /* ZXPAutoLayoutDemoTests.m in Sources */,
			);
			runOnlyForDeploymentPostprocessing = 0;
		};
		1DFBBF4D1BF7096E00459D22 /* Sources */ = {
			isa = PBXSourcesBuildPhase;
			buildActionMask = 2147483647;
			files = (
				1DFBBF561BF7096E00459D22 /* ZXPAutoLayoutDemoUITests.m in Sources */,
			);
			runOnlyForDeploymentPostprocessing = 0;
		};
/* End PBXSourcesBuildPhase section */

/* Begin PBXTargetDependency section */
		1DFBBF481BF7096E00459D22 /* PBXTargetDependency */ = {
			isa = PBXTargetDependency;
			target = 1DFBBF2C1BF7096E00459D22 /* ZXPAutoLayoutDemo */;
			targetProxy = 1DFBBF471BF7096E00459D22 /* PBXContainerItemProxy */;
		};
		1DFBBF531BF7096E00459D22 /* PBXTargetDependency */ = {
			isa = PBXTargetDependency;
			target = 1DFBBF2C1BF7096E00459D22 /* ZXPAutoLayoutDemo */;
			targetProxy = 1DFBBF521BF7096E00459D22 /* PBXContainerItemProxy */;
		};
/* End PBXTargetDependency section */

/* Begin PBXVariantGroup section */
		1DFBBF391BF7096E00459D22 /* Main.storyboard */ = {
			isa = PBXVariantGroup;
			children = (
				1DFBBF3A1BF7096E00459D22 /* Base */,
			);
			name = Main.storyboard;
			sourceTree = "<group>";
		};
		1DFBBF3E1BF7096E00459D22 /* LaunchScreen.storyboard */ = {
			isa = PBXVariantGroup;
			children = (
				1DFBBF3F1BF7096E00459D22 /* Base */,
			);
			name = LaunchScreen.storyboard;
			sourceTree = "<group>";
		};
/* End PBXVariantGroup section */

/* Begin XCBuildConfiguration section */
		1DFBBF581BF7096E00459D22 /* Debug */ = {
			isa = XCBuildConfiguration;
			buildSettings = {
				ALWAYS_SEARCH_USER_PATHS = NO;
				CLANG_CXX_LANGUAGE_STANDARD = "gnu++0x";
				CLANG_CXX_LIBRARY = "libc++";
				CLANG_ENABLE_MODULES = YES;
				CLANG_ENABLE_OBJC_ARC = YES;
				CLANG_WARN_BOOL_CONVERSION = YES;
				CLANG_WARN_CONSTANT_CONVERSION = YES;
				CLANG_WARN_DIRECT_OBJC_ISA_USAGE = YES_ERROR;
				CLANG_WARN_EMPTY_BODY = YES;
				CLANG_WARN_ENUM_CONVERSION = YES;
				CLANG_WARN_INT_CONVERSION = YES;
				CLANG_WARN_OBJC_ROOT_CLASS = YES_ERROR;
				CLANG_WARN_UNREACHABLE_CODE = YES;
				CLANG_WARN__DUPLICATE_METHOD_MATCH = YES;
				"CODE_SIGN_IDENTITY[sdk=iphoneos*]" = "iPhone Developer";
				COPY_PHASE_STRIP = NO;
				DEBUG_INFORMATION_FORMAT = dwarf;
				ENABLE_STRICT_OBJC_MSGSEND = YES;
				ENABLE_TESTABILITY = YES;
				GCC_C_LANGUAGE_STANDARD = gnu99;
				GCC_DYNAMIC_NO_PIC = NO;
				GCC_NO_COMMON_BLOCKS = YES;
				GCC_OPTIMIZATION_LEVEL = 0;
				GCC_PREPROCESSOR_DEFINITIONS = (
					"DEBUG=1",
					"$(inherited)",
				);
				GCC_WARN_64_TO_32_BIT_CONVERSION = YES;
				GCC_WARN_ABOUT_RETURN_TYPE = YES_ERROR;
				GCC_WARN_UNDECLARED_SELECTOR = YES;
				GCC_WARN_UNINITIALIZED_AUTOS = YES_AGGRESSIVE;
				GCC_WARN_UNUSED_FUNCTION = YES;
				GCC_WARN_UNUSED_VARIABLE = YES;
				IPHONEOS_DEPLOYMENT_TARGET = 9.1;
				MTL_ENABLE_DEBUG_INFO = YES;
				ONLY_ACTIVE_ARCH = YES;
				SDKROOT = iphoneos;
			};
			name = Debug;
		};
		1DFBBF591BF7096E00459D22 /* Release */ = {
			isa = XCBuildConfiguration;
			buildSettings = {
				ALWAYS_SEARCH_USER_PATHS = NO;
				CLANG_CXX_LANGUAGE_STANDARD = "gnu++0x";
				CLANG_CXX_LIBRARY = "libc++";
				CLANG_ENABLE_MODULES = YES;
				CLANG_ENABLE_OBJC_ARC = YES;
				CLANG_WARN_BOOL_CONVERSION = YES;
				CLANG_WARN_CONSTANT_CONVERSION = YES;
				CLANG_WARN_DIRECT_OBJC_ISA_USAGE = YES_ERROR;
				CLANG_WARN_EMPTY_BODY = YES;
				CLANG_WARN_ENUM_CONVERSION = YES;
				CLANG_WARN_INT_CONVERSION = YES;
				CLANG_WARN_OBJC_ROOT_CLASS = YES_ERROR;
				CLANG_WARN_UNREACHABLE_CODE = YES;
				CLANG_WARN__DUPLICATE_METHOD_MATCH = YES;
				"CODE_SIGN_IDENTITY[sdk=iphoneos*]" = "iPhone Developer";
				COPY_PHASE_STRIP = NO;
				DEBUG_INFORMATION_FORMAT = "dwarf-with-dsym";
				ENABLE_NS_ASSERTIONS = NO;
				ENABLE_STRICT_OBJC_MSGSEND = YES;
				GCC_C_LANGUAGE_STANDARD = gnu99;
				GCC_NO_COMMON_BLOCKS = YES;
				GCC_WARN_64_TO_32_BIT_CONVERSION = YES;
				GCC_WARN_ABOUT_RETURN_TYPE = YES_ERROR;
				GCC_WARN_UNDECLARED_SELECTOR = YES;
				GCC_WARN_UNINITIALIZED_AUTOS = YES_AGGRESSIVE;
				GCC_WARN_UNUSED_FUNCTION = YES;
				GCC_WARN_UNUSED_VARIABLE = YES;
				IPHONEOS_DEPLOYMENT_TARGET = 9.1;
				MTL_ENABLE_DEBUG_INFO = NO;
				SDKROOT = iphoneos;
				VALIDATE_PRODUCT = YES;
			};
			name = Release;
		};
		1DFBBF5B1BF7096E00459D22 /* Debug */ = {
			isa = XCBuildConfiguration;
			buildSettings = {
				ASSETCATALOG_COMPILER_APPICON_NAME = AppIcon;
				INFOPLIST_FILE = ZXPAutoLayoutDemo/Info.plist;
				IPHONEOS_DEPLOYMENT_TARGET = 8.0;
				LD_RUNPATH_SEARCH_PATHS = "$(inherited) @executable_path/Frameworks";
				PRODUCT_BUNDLE_IDENTIFIER = com.biggercoffee.zxp.tp.ZXPAutoLayoutDemo;
				PRODUCT_NAME = "$(TARGET_NAME)";
			};
			name = Debug;
		};
		1DFBBF5C1BF7096E00459D22 /* Release */ = {
			isa = XCBuildConfiguration;
			buildSettings = {
				ASSETCATALOG_COMPILER_APPICON_NAME = AppIcon;
				INFOPLIST_FILE = ZXPAutoLayoutDemo/Info.plist;
				IPHONEOS_DEPLOYMENT_TARGET = 8.0;
				LD_RUNPATH_SEARCH_PATHS = "$(inherited) @executable_path/Frameworks";
				PRODUCT_BUNDLE_IDENTIFIER = com.biggercoffee.zxp.tp.ZXPAutoLayoutDemo;
				PRODUCT_NAME = "$(TARGET_NAME)";
			};
			name = Release;
		};
		1DFBBF5E1BF7096E00459D22 /* Debug */ = {
			isa = XCBuildConfiguration;
			buildSettings = {
				BUNDLE_LOADER = "$(TEST_HOST)";
				INFOPLIST_FILE = ZXPAutoLayoutDemoTests/Info.plist;
				LD_RUNPATH_SEARCH_PATHS = "$(inherited) @executable_path/Frameworks @loader_path/Frameworks";
				PRODUCT_BUNDLE_IDENTIFIER = com.biggercoffee.zxp.tp.ZXPAutoLayoutDemoTests;
				PRODUCT_NAME = "$(TARGET_NAME)";
				TEST_HOST = "$(BUILT_PRODUCTS_DIR)/ZXPAutoLayoutDemo.app/ZXPAutoLayoutDemo";
			};
			name = Debug;
		};
		1DFBBF5F1BF7096E00459D22 /* Release */ = {
			isa = XCBuildConfiguration;
			buildSettings = {
				BUNDLE_LOADER = "$(TEST_HOST)";
				INFOPLIST_FILE = ZXPAutoLayoutDemoTests/Info.plist;
				LD_RUNPATH_SEARCH_PATHS = "$(inherited) @executable_path/Frameworks @loader_path/Frameworks";
				PRODUCT_BUNDLE_IDENTIFIER = com.biggercoffee.zxp.tp.ZXPAutoLayoutDemoTests;
				PRODUCT_NAME = "$(TARGET_NAME)";
				TEST_HOST = "$(BUILT_PRODUCTS_DIR)/ZXPAutoLayoutDemo.app/ZXPAutoLayoutDemo";
			};
			name = Release;
		};
		1DFBBF611BF7096E00459D22 /* Debug */ = {
			isa = XCBuildConfiguration;
			buildSettings = {
				INFOPLIST_FILE = ZXPAutoLayoutDemoUITests/Info.plist;
				LD_RUNPATH_SEARCH_PATHS = "$(inherited) @executable_path/Frameworks @loader_path/Frameworks";
				PRODUCT_BUNDLE_IDENTIFIER = com.biggercoffee.zxp.tp.ZXPAutoLayoutDemoUITests;
				PRODUCT_NAME = "$(TARGET_NAME)";
				TEST_TARGET_NAME = ZXPAutoLayoutDemo;
				USES_XCTRUNNER = YES;
			};
			name = Debug;
		};
		1DFBBF621BF7096E00459D22 /* Release */ = {
			isa = XCBuildConfiguration;
			buildSettings = {
				INFOPLIST_FILE = ZXPAutoLayoutDemoUITests/Info.plist;
				LD_RUNPATH_SEARCH_PATHS = "$(inherited) @executable_path/Frameworks @loader_path/Frameworks";
				PRODUCT_BUNDLE_IDENTIFIER = com.biggercoffee.zxp.tp.ZXPAutoLayoutDemoUITests;
				PRODUCT_NAME = "$(TARGET_NAME)";
				TEST_TARGET_NAME = ZXPAutoLayoutDemo;
				USES_XCTRUNNER = YES;
			};
			name = Release;
		};
/* End XCBuildConfiguration section */

/* Begin XCConfigurationList section */
		1DFBBF281BF7096D00459D22 /* Build configuration list for PBXProject "ZXPAutoLayoutDemo" */ = {
			isa = XCConfigurationList;
			buildConfigurations = (
				1DFBBF581BF7096E00459D22 /* Debug */,
				1DFBBF591BF7096E00459D22 /* Release */,
			);
			defaultConfigurationIsVisible = 0;
			defaultConfigurationName = Release;
		};
		1DFBBF5A1BF7096E00459D22 /* Build configuration list for PBXNativeTarget "ZXPAutoLayoutDemo" */ = {
			isa = XCConfigurationList;
			buildConfigurations = (
				1DFBBF5B1BF7096E00459D22 /* Debug */,
				1DFBBF5C1BF7096E00459D22 /* Release */,
			);
			defaultConfigurationIsVisible = 0;
			defaultConfigurationName = Release;
		};
		1DFBBF5D1BF7096E00459D22 /* Build configuration list for PBXNativeTarget "ZXPAutoLayoutDemoTests" */ = {
			isa = XCConfigurationList;
			buildConfigurations = (
				1DFBBF5E1BF7096E00459D22 /* Debug */,
				1DFBBF5F1BF7096E00459D22 /* Release */,
			);
			defaultConfigurationIsVisible = 0;
			defaultConfigurationName = Release;
		};
		1DFBBF601BF7096E00459D22 /* Build configuration list for PBXNativeTarget "ZXPAutoLayoutDemoUITests" */ = {
			isa = XCConfigurationList;
			buildConfigurations = (
				1DFBBF611BF7096E00459D22 /* Debug */,
				1DFBBF621BF7096E00459D22 /* Release */,
			);
			defaultConfigurationIsVisible = 0;
			defaultConfigurationName = Release;
		};
/* End XCConfigurationList section */
	};
	rootObject = 1DFBBF251BF7096D00459D22 /* Project object */;
}
